PODS:
  - MZMultiHeadersSheet (0.2.2)

DEPENDENCIES:
  - MZMultiHeadersSheet (from `../`)

EXTERNAL SOURCES:
  MZMultiHeadersSheet:
    :path: "../"

SPEC CHECKSUMS:
  MZMultiHeadersSheet: a6b94823395b67e162f8879016afe7d9ae88d521

PODFILE CHECKSUM: 13efbfb900a3ee69c78e288f6f30ba6143f36473

COCOAPODS: 1.7.1
