PODS:
  - MZMultiHeadersSheet (0.1.0)

DEPENDENCIES:
  - MZMultiHeadersSheet (from `../`)

EXTERNAL SOURCES:
  MZMultiHeadersSheet:
    :path: ../

SPEC CHECKSUMS:
  MZMultiHeadersSheet: 03c632c115ffd656fded60e7fbe9c95452bc13a1

PODFILE CHECKSUM: 13efbfb900a3ee69c78e288f6f30ba6143f36473

COCOAPODS: 1.4.0
